{
  "pins" : [
    {
      "identity" : "kingfisher",
      "kind" : "remoteSourceControl",
      "location" : "https://github.com/onevcat/Kingfisher.git",
      "state" : {
        "branch" : "master",
        "revision" : "3e091ee962391a2ddcae5b18e17bc625f9d88d6e"
      }
    },
    {
      "identity" : "sidemenu",
      "kind" : "remoteSourceControl",
      "location" : "https://github.com/jonkykong/SideMenu.git",
      "state" : {
        "branch" : "master",
        "revision" : "8bd4fd128923cf5494fa726839af8afe12908ad9"
      }
    }
  ],
  "version" : 2
}
